
Microsoft Visual Studio Solution File, Format Version 12.00
# Visual Studio Version 17
VisualStudioVersion = 17.4.33205.214
MinimumVisualStudioVersion = 10.0.40219.1
Project("{FAE04EC0-301F-11D3-BF4B-00C04F79EFBC}") = "Review Site", "Review Site\Review Site.csproj", "{348180B3-DBE9-45A4-BCF3-43F2B7DB0490}"
EndProject
Global
	GlobalSection(SolutionConfigurationPlatforms) = preSolution
		Debug|Any CPU = Debug|Any CPU
		Release|Any CPU = Release|Any CPU
	EndGlobalSection
	GlobalSection(ProjectConfigurationPlatforms) = postSolution
		{348180B3-DBE9-45A4-BCF3-43F2B7DB0490}.Debug|Any CPU.ActiveCfg = Debug|Any CPU
		{348180B3-DBE9-45A4-BCF3-43F2B7DB0490}.Debug|Any CPU.Build.0 = Debug|Any CPU
		{348180B3-DBE9-45A4-BCF3-43F2B7DB0490}.Release|Any CPU.ActiveCfg = Release|Any CPU
		{348180B3-DBE9-45A4-BCF3-43F2B7DB0490}.Release|Any CPU.Build.0 = Release|Any CPU
	EndGlobalSection
	GlobalSection(SolutionProperties) = preSolution
		HideSolutionNode = FALSE
	EndGlobalSection
	GlobalSection(ExtensibilityGlobals) = postSolution
		SolutionGuid = {E63BE628-02E0-4A65-8119-1F72FC614258}
	EndGlobalSection
EndGlobal
